
Microsoft Visual Studio Solution File, Format Version 12.00
# Visual Studio Version 16
VisualStudioVersion = 16.0.31019.35
MinimumVisualStudioVersion = 10.0.40219.1
Project("{FAE04EC0-301F-11D3-BF4B-00C04F79EFBC}") = "sixth", "sixth\sixth.csproj", "{FA50DFC9-B6FA-408A-ABD1-D878EE7CC897}"
EndProject
Global
	GlobalSection(SolutionConfigurationPlatforms) = preSolution
		Debug|Any CPU = Debug|Any CPU
		Release|Any CPU = Release|Any CPU
	EndGlobalSection
	GlobalSection(ProjectConfigurationPlatforms) = postSolution
		{FA50DFC9-B6FA-408A-ABD1-D878EE7CC897}.Debug|Any CPU.ActiveCfg = Debug|Any CPU
		{FA50DFC9-B6FA-408A-ABD1-D878EE7CC897}.Debug|Any CPU.Build.0 = Debug|Any CPU
		{FA50DFC9-B6FA-408A-ABD1-D878EE7CC897}.Release|Any CPU.ActiveCfg = Release|Any CPU
		{FA50DFC9-B6FA-408A-ABD1-D878EE7CC897}.Release|Any CPU.Build.0 = Release|Any CPU
	EndGlobalSection
	GlobalSection(SolutionProperties) = preSolution
		HideSolutionNode = FALSE
	EndGlobalSection
	GlobalSection(ExtensibilityGlobals) = postSolution
		SolutionGuid = {5602FEBF-7B37-46CD-BE6F-1DE87A7CFAD4}
	EndGlobalSection
EndGlobal
